
Microsoft Visual Studio Solution File, Format Version 12.00
# Visual Studio Version 17
VisualStudioVersion = 17.9.34701.34
MinimumVisualStudioVersion = 10.0.40219.1
Project("{FAE04EC0-301F-11D3-BF4B-00C04F79EFBC}") = "Praktyka_2", "Praktyka_2\Praktyka_2.csproj", "{79F0A15A-15BE-4F45-A326-7844051466D7}"
EndProject
Global
	GlobalSection(SolutionConfigurationPlatforms) = preSolution
		Debug|Any CPU = Debug|Any CPU
		Release|Any CPU = Release|Any CPU
	EndGlobalSection
	GlobalSection(ProjectConfigurationPlatforms) = postSolution
		{79F0A15A-15BE-4F45-A326-7844051466D7}.Debug|Any CPU.ActiveCfg = Debug|Any CPU
		{79F0A15A-15BE-4F45-A326-7844051466D7}.Debug|Any CPU.Build.0 = Debug|Any CPU
		{79F0A15A-15BE-4F45-A326-7844051466D7}.Release|Any CPU.ActiveCfg = Release|Any CPU
		{79F0A15A-15BE-4F45-A326-7844051466D7}.Release|Any CPU.Build.0 = Release|Any CPU
	EndGlobalSection
	GlobalSection(SolutionProperties) = preSolution
		HideSolutionNode = FALSE
	EndGlobalSection
	GlobalSection(ExtensibilityGlobals) = postSolution
		SolutionGuid = {F225D64D-2DE9-4620-99C2-062322FD5B2B}
	EndGlobalSection
EndGlobal
